
Microsoft Visual Studio Solution File, Format Version 12.00
# Visual Studio Version 16
VisualStudioVersion = 16.0.31025.194
MinimumVisualStudioVersion = 10.0.40219.1
Project("{FAE04EC0-301F-11D3-BF4B-00C04F79EFBC}") = "BookStore-API", "BookStore-API\BookStore-API.csproj", "{B03341D3-960B-4288-9387-A790C2DF2D82}"
EndProject
Global
	GlobalSection(SolutionConfigurationPlatforms) = preSolution
		Debug|Any CPU = Debug|Any CPU
		Release|Any CPU = Release|Any CPU
	EndGlobalSection
	GlobalSection(ProjectConfigurationPlatforms) = postSolution
		{B03341D3-960B-4288-9387-A790C2DF2D82}.Debug|Any CPU.ActiveCfg = Debug|Any CPU
		{B03341D3-960B-4288-9387-A790C2DF2D82}.Debug|Any CPU.Build.0 = Debug|Any CPU
		{B03341D3-960B-4288-9387-A790C2DF2D82}.Release|Any CPU.ActiveCfg = Release|Any CPU
		{B03341D3-960B-4288-9387-A790C2DF2D82}.Release|Any CPU.Build.0 = Release|Any CPU
	EndGlobalSection
	GlobalSection(SolutionProperties) = preSolution
		HideSolutionNode = FALSE
	EndGlobalSection
	GlobalSection(ExtensibilityGlobals) = postSolution
		SolutionGuid = {71C389B7-B91A-44E9-9A56-808627604293}
	EndGlobalSection
EndGlobal
